
Microsoft Visual Studio Solution File, Format Version 12.00
# Visual Studio Version 17
VisualStudioVersion = 17.4.33213.308
MinimumVisualStudioVersion = 10.0.40219.1
Project("{FAE04EC0-301F-11D3-BF4B-00C04F79EFBC}") = "Practica1POO", "Practica1POO\Practica1POO.csproj", "{D829DB19-D21F-40CE-BB89-EC0B2271D209}"
EndProject
Global
	GlobalSection(SolutionConfigurationPlatforms) = preSolution
		Debug|Any CPU = Debug|Any CPU
		Release|Any CPU = Release|Any CPU
	EndGlobalSection
	GlobalSection(ProjectConfigurationPlatforms) = postSolution
		{D829DB19-D21F-40CE-BB89-EC0B2271D209}.Debug|Any CPU.ActiveCfg = Debug|Any CPU
		{D829DB19-D21F-40CE-BB89-EC0B2271D209}.Debug|Any CPU.Build.0 = Debug|Any CPU
		{D829DB19-D21F-40CE-BB89-EC0B2271D209}.Release|Any CPU.ActiveCfg = Release|Any CPU
		{D829DB19-D21F-40CE-BB89-EC0B2271D209}.Release|Any CPU.Build.0 = Release|Any CPU
	EndGlobalSection
	GlobalSection(SolutionProperties) = preSolution
		HideSolutionNode = FALSE
	EndGlobalSection
	GlobalSection(ExtensibilityGlobals) = postSolution
		SolutionGuid = {B9CAE6F4-1F96-4C9F-A45B-38947B58658F}
	EndGlobalSection
EndGlobal
